
Microsoft Visual Studio Solution File, Format Version 12.00
# Visual Studio 15
VisualStudioVersion = 15.0.28307.1169
MinimumVisualStudioVersion = 10.0.40219.1
Project("{9A19103F-16F7-4668-BE54-9A1E7A4F7556}") = "TimeBugTracker", "TimeBugTracker\TimeBugTracker.csproj", "{5F868E0B-A2E0-4571-B3E4-328E11EAB363}"
EndProject
Project("{9A19103F-16F7-4668-BE54-9A1E7A4F7556}") = "TimeBugTracker.Tests", "TimeBugTracker.Tests\TimeBugTracker.Tests.csproj", "{4BA09CBD-6770-4F70-AB28-593F5E8AABBA}"
EndProject
Project("{FAE04EC0-301F-11D3-BF4B-00C04F79EFBC}") = "TimeBugTracker.Domain", "TimeBugTracker.Domain\TimeBugTracker.Domain.csproj", "{082BDDCB-8506-4DC5-BF38-A51060222689}"
EndProject
Global
	GlobalSection(SolutionConfigurationPlatforms) = preSolution
		Debug|Any CPU = Debug|Any CPU
		Release|Any CPU = Release|Any CPU
	EndGlobalSection
	GlobalSection(ProjectConfigurationPlatforms) = postSolution
		{5F868E0B-A2E0-4571-B3E4-328E11EAB363}.Debug|Any CPU.ActiveCfg = Debug|Any CPU
		{5F868E0B-A2E0-4571-B3E4-328E11EAB363}.Debug|Any CPU.Build.0 = Debug|Any CPU
		{5F868E0B-A2E0-4571-B3E4-328E11EAB363}.Release|Any CPU.ActiveCfg = Release|Any CPU
		{5F868E0B-A2E0-4571-B3E4-328E11EAB363}.Release|Any CPU.Build.0 = Release|Any CPU
		{4BA09CBD-6770-4F70-AB28-593F5E8AABBA}.Debug|Any CPU.ActiveCfg = Debug|Any CPU
		{4BA09CBD-6770-4F70-AB28-593F5E8AABBA}.Debug|Any CPU.Build.0 = Debug|Any CPU
		{4BA09CBD-6770-4F70-AB28-593F5E8AABBA}.Release|Any CPU.ActiveCfg = Release|Any CPU
		{4BA09CBD-6770-4F70-AB28-593F5E8AABBA}.Release|Any CPU.Build.0 = Release|Any CPU
		{082BDDCB-8506-4DC5-BF38-A51060222689}.Debug|Any CPU.ActiveCfg = Debug|Any CPU
		{082BDDCB-8506-4DC5-BF38-A51060222689}.Debug|Any CPU.Build.0 = Debug|Any CPU
		{082BDDCB-8506-4DC5-BF38-A51060222689}.Release|Any CPU.ActiveCfg = Release|Any CPU
		{082BDDCB-8506-4DC5-BF38-A51060222689}.Release|Any CPU.Build.0 = Release|Any CPU
	EndGlobalSection
	GlobalSection(SolutionProperties) = preSolution
		HideSolutionNode = FALSE
	EndGlobalSection
	GlobalSection(ExtensibilityGlobals) = postSolution
		SolutionGuid = {B7C64852-2E06-4689-97CC-F4EAAAF88E87}
	EndGlobalSection
EndGlobal
