
Microsoft Visual Studio Solution File, Format Version 12.00
# Visual Studio 15
VisualStudioVersion = 15.0.27130.2010
MinimumVisualStudioVersion = 10.0.40219.1
Project("{FAE04EC0-301F-11D3-BF4B-00C04F79EFBC}") = "Web.Api", "Web.Api\Web.Api.csproj", "{122C9E6B-073B-4285-9A7A-B24BE2A5B3CC}"
EndProject
Project("{E53339B2-1760-4266-BCC7-CA923CBCF16C}") = "docker-compose", "docker-compose.dcproj", "{136DCD54-B070-44D3-85D1-ED2ABC746355}"
EndProject
Project("{FAE04EC0-301F-11D3-BF4B-00C04F79EFBC}") = "Web.Api.Core", "Web.Api.Core\Web.Api.Core.csproj", "{750EAC9B-5B2A-4CD2-BA25-7FF92A3CF2BC}"
EndProject
Project("{FAE04EC0-301F-11D3-BF4B-00C04F79EFBC}") = "Web.Api.Infrastructure", "Web.Api.Infrastructure\Web.Api.Infrastructure.csproj", "{1E6A7433-76CE-4E7C-A59E-BB8BA2FD3BA4}"
EndProject
Global
	GlobalSection(SolutionConfigurationPlatforms) = preSolution
		Debug|Any CPU = Debug|Any CPU
		Release|Any CPU = Release|Any CPU
	EndGlobalSection
	GlobalSection(ProjectConfigurationPlatforms) = postSolution
		{122C9E6B-073B-4285-9A7A-B24BE2A5B3CC}.Debug|Any CPU.ActiveCfg = Debug|Any CPU
		{122C9E6B-073B-4285-9A7A-B24BE2A5B3CC}.Debug|Any CPU.Build.0 = Debug|Any CPU
		{122C9E6B-073B-4285-9A7A-B24BE2A5B3CC}.Release|Any CPU.ActiveCfg = Release|Any CPU
		{122C9E6B-073B-4285-9A7A-B24BE2A5B3CC}.Release|Any CPU.Build.0 = Release|Any CPU
		{136DCD54-B070-44D3-85D1-ED2ABC746355}.Debug|Any CPU.ActiveCfg = Debug|Any CPU
		{136DCD54-B070-44D3-85D1-ED2ABC746355}.Debug|Any CPU.Build.0 = Debug|Any CPU
		{136DCD54-B070-44D3-85D1-ED2ABC746355}.Release|Any CPU.ActiveCfg = Release|Any CPU
		{136DCD54-B070-44D3-85D1-ED2ABC746355}.Release|Any CPU.Build.0 = Release|Any CPU
		{750EAC9B-5B2A-4CD2-BA25-7FF92A3CF2BC}.Debug|Any CPU.ActiveCfg = Debug|Any CPU
		{750EAC9B-5B2A-4CD2-BA25-7FF92A3CF2BC}.Debug|Any CPU.Build.0 = Debug|Any CPU
		{750EAC9B-5B2A-4CD2-BA25-7FF92A3CF2BC}.Release|Any CPU.ActiveCfg = Release|Any CPU
		{750EAC9B-5B2A-4CD2-BA25-7FF92A3CF2BC}.Release|Any CPU.Build.0 = Release|Any CPU
		{1E6A7433-76CE-4E7C-A59E-BB8BA2FD3BA4}.Debug|Any CPU.ActiveCfg = Debug|Any CPU
		{1E6A7433-76CE-4E7C-A59E-BB8BA2FD3BA4}.Debug|Any CPU.Build.0 = Debug|Any CPU
		{1E6A7433-76CE-4E7C-A59E-BB8BA2FD3BA4}.Release|Any CPU.ActiveCfg = Release|Any CPU
		{1E6A7433-76CE-4E7C-A59E-BB8BA2FD3BA4}.Release|Any CPU.Build.0 = Release|Any CPU
	EndGlobalSection
	GlobalSection(SolutionProperties) = preSolution
		HideSolutionNode = FALSE
	EndGlobalSection
	GlobalSection(ExtensibilityGlobals) = postSolution
		SolutionGuid = {1934B71B-C135-44F0-A6C1-D6057F8638A2}
	EndGlobalSection
EndGlobal
